// !$*UTF8*$!
{
	archiveVersion = 1;
	classes = {
	};
	objectVersion = 51;
	objects = {

/* Begin PBXBuildFile section */
		2B3501EA233E48B60003908B /* CityViewControllerSnapshotTest.swift in Sources */ = {isa = PBXBuildFile; fileRef = 2B3501E9233E48B60003908B /* CityViewControllerSnapshotTest.swift */; };
		2B350292233E4C8D0003908B /* Assets.xcassets in Resources */ = {isa = PBXBuildFile; fileRef = 2B35027A233E4C8D0003908B /* Assets.xcassets */; };
		2B350293233E4C8D0003908B /* LaunchScreen.storyboard in Resources */ = {isa = PBXBuildFile; fileRef = 2B35027B233E4C8D0003908B /* LaunchScreen.storyboard */; };
		2B350299233E4C8E0003908B /* ViewController.swift in Sources */ = {isa = PBXBuildFile; fileRef = 2B35028A233E4C8D0003908B /* ViewController.swift */; };
		2B35029A233E4C8E0003908B /* View.swift in Sources */ = {isa = PBXBuildFile; fileRef = 2B35028B233E4C8D0003908B /* View.swift */; };
		2B35029D233E4C8E0003908B /* AppDelegate.swift in Sources */ = {isa = PBXBuildFile; fileRef = 2B350290233E4C8D0003908B /* AppDelegate.swift */; };
		2B35029E233E4C8E0003908B /* ApplicationController.swift in Sources */ = {isa = PBXBuildFile; fileRef = 2B350291233E4C8D0003908B /* ApplicationController.swift */; };
		2B87FDCC2340E5A200D396BE /* Foundation.Decodable.swift in Sources */ = {isa = PBXBuildFile; fileRef = 2B87FDCB2340E5A200D396BE /* Foundation.Decodable.swift */; };
		2B87FDEB2340E8B700D396BE /* ForecastRequestTest.swift in Sources */ = {isa = PBXBuildFile; fileRef = 2B87FDEA2340E8B700D396BE /* ForecastRequestTest.swift */; };
		2B87FDEF2340F2EC00D396BE /* CityViewModelTests.swift in Sources */ = {isa = PBXBuildFile; fileRef = 2B87FDEE2340F2EC00D396BE /* CityViewModelTests.swift */; };
		2B87FDF12340F35C00D396BE /* ForecastServiceMock.swift in Sources */ = {isa = PBXBuildFile; fileRef = 2B87FDF02340F35C00D396BE /* ForecastServiceMock.swift */; };
		2B87FDF32340F7B200D396BE /* CityViewControllerTests.swift in Sources */ = {isa = PBXBuildFile; fileRef = 2B87FDF22340F7B200D396BE /* CityViewControllerTests.swift */; };
		2B87FDF52340F85A00D396BE /* IconProviderMock.swift in Sources */ = {isa = PBXBuildFile; fileRef = 2B87FDF42340F85A00D396BE /* IconProviderMock.swift */; };
		2B87FDF72340FBD200D396BE /* UIKit.UIImage.swift in Sources */ = {isa = PBXBuildFile; fileRef = 2B87FDF62340FBD200D396BE /* UIKit.UIImage.swift */; };
		2B87FDF92340FD5600D396BE /* CityViewControllerDelegateMock.swift in Sources */ = {isa = PBXBuildFile; fileRef = 2B87FDF82340FD5600D396BE /* CityViewControllerDelegateMock.swift */; };
		2B87FDFC234106BE00D396BE /* SnapshotTesting.framework in Frameworks */ = {isa = PBXBuildFile; fileRef = 2B87FDFB234106BE00D396BE /* SnapshotTesting.framework */; };
		2B89485223410D270067833C /* ForecastServiceMock.swift in Sources */ = {isa = PBXBuildFile; fileRef = 2B89485123410D040067833C /* ForecastServiceMock.swift */; };
		2B89485323410D2D0067833C /* IconProviderMock.swift in Sources */ = {isa = PBXBuildFile; fileRef = 2B89485023410D040067833C /* IconProviderMock.swift */; };
		2B89485623410D6E0067833C /* Forecast+Fixture.swift in Sources */ = {isa = PBXBuildFile; fileRef = 2B89485423410D5C0067833C /* Forecast+Fixture.swift */; };
		2B89485723410E3F0067833C /* APIResponse+Fixture.swift in Sources */ = {isa = PBXBuildFile; fileRef = 2B89485523410D5C0067833C /* APIResponse+Fixture.swift */; };
		2BA3F961233FF41700C5BE9C /* VeeatherKeys.m in Sources */ = {isa = PBXBuildFile; fileRef = 2BA3F95F233FF41700C5BE9C /* VeeatherKeys.m */; };
		2BA3F963233FF45900C5BE9C /* Keys.swift in Sources */ = {isa = PBXBuildFile; fileRef = 2BA3F962233FF45900C5BE9C /* Keys.swift */; };
		2BA3F9752340786100C5BE9C /* APIClientMock.swift in Sources */ = {isa = PBXBuildFile; fileRef = 2BA3F9742340786100C5BE9C /* APIClientMock.swift */; };
		2BA3F97B23407D4E00C5BE9C /* ForecastServiceTests.swift in Sources */ = {isa = PBXBuildFile; fileRef = 2BA3F9712340758000C5BE9C /* ForecastServiceTests.swift */; };
		2BA3F9832340C57A00C5BE9C /* Forecast+Fixture.swift in Sources */ = {isa = PBXBuildFile; fileRef = 2BA3F9822340C57A00C5BE9C /* Forecast+Fixture.swift */; };
		2BA3F9852340C61600C5BE9C /* APIResponse+Fixture.swift in Sources */ = {isa = PBXBuildFile; fileRef = 2BA3F9842340C61600C5BE9C /* APIResponse+Fixture.swift */; };
		2BA3F9882340C70800C5BE9C /* forecast.json in Resources */ = {isa = PBXBuildFile; fileRef = 2BA3F9872340C70800C5BE9C /* forecast.json */; };
		2BED940F233E59B500684352 /* ApplicationDependencies.swift in Sources */ = {isa = PBXBuildFile; fileRef = 2BED940E233E59B500684352 /* ApplicationDependencies.swift */; };
		2BED9413233E5A5100684352 /* CityViewController.swift in Sources */ = {isa = PBXBuildFile; fileRef = 2BED9412233E5A5100684352 /* CityViewController.swift */; };
		2BED941B233E649D00684352 /* FlowController.swift in Sources */ = {isa = PBXBuildFile; fileRef = 2BED941A233E649D00684352 /* FlowController.swift */; };
		2BED941D233E659B00684352 /* TableViewController.swift in Sources */ = {isa = PBXBuildFile; fileRef = 2BED941C233E659B00684352 /* TableViewController.swift */; };
		2BED9420233E676A00684352 /* WeatherFactory.swift in Sources */ = {isa = PBXBuildFile; fileRef = 2BED941F233E676A00684352 /* WeatherFactory.swift */; };
		2BED946E233E934800684352 /* Networking.framework in Frameworks */ = {isa = PBXBuildFile; fileRef = 2BED944C233E696200684352 /* Networking.framework */; };
		2BED946F233E934800684352 /* Networking.framework in Embed Frameworks */ = {isa = PBXBuildFile; fileRef = 2BED944C233E696200684352 /* Networking.framework */; settings = {ATTRIBUTES = (CodeSignOnCopy, RemoveHeadersOnCopy, ); }; };
		2BED9481233E95E100684352 /* OpenWeatherBuilder.swift in Sources */ = {isa = PBXBuildFile; fileRef = 2BED9480233E95E100684352 /* OpenWeatherBuilder.swift */; };
		2BED9484233E98AB00684352 /* ForecastRequest.swift in Sources */ = {isa = PBXBuildFile; fileRef = 2BED9483233E98AB00684352 /* ForecastRequest.swift */; };
		2BED9487233E995100684352 /* ForecastService.swift in Sources */ = {isa = PBXBuildFile; fileRef = 2BED9486233E995100684352 /* ForecastService.swift */; };
		2BED948B233E99A700684352 /* Weather.swift in Sources */ = {isa = PBXBuildFile; fileRef = 2BED948A233E99A700684352 /* Weather.swift */; };
		2BED948D233EA9EF00684352 /* CityViewModel.swift in Sources */ = {isa = PBXBuildFile; fileRef = 2BED948C233EA9EF00684352 /* CityViewModel.swift */; };
		2BED9495233EAE6800684352 /* Observable.swift in Sources */ = {isa = PBXBuildFile; fileRef = 2BED9494233EAE6800684352 /* Observable.swift */; };
		2BED9497233EAE8C00684352 /* Lock.swift in Sources */ = {isa = PBXBuildFile; fileRef = 2BED9496233EAE8C00684352 /* Lock.swift */; };
		2BED9499233EAEC700684352 /* Disposable.swift in Sources */ = {isa = PBXBuildFile; fileRef = 2BED9498233EAEC700684352 /* Disposable.swift */; };
		2BED949B233EB2D000684352 /* Reusable.swift in Sources */ = {isa = PBXBuildFile; fileRef = 2BED949A233EB2D000684352 /* Reusable.swift */; };
		2BED949D233EB2F500684352 /* UIKit.UITableView.swift in Sources */ = {isa = PBXBuildFile; fileRef = 2BED949C233EB2F500684352 /* UIKit.UITableView.swift */; };
		2BED949F233EB33000684352 /* TableViewCell.swift in Sources */ = {isa = PBXBuildFile; fileRef = 2BED949E233EB33000684352 /* TableViewCell.swift */; };
		2BED94A1233EB34400684352 /* CityCell.swift in Sources */ = {isa = PBXBuildFile; fileRef = 2BED94A0233EB34400684352 /* CityCell.swift */; };
		2BED94A3233EB38600684352 /* UIKit.UIView.swift in Sources */ = {isa = PBXBuildFile; fileRef = 2BED94A2233EB38600684352 /* UIKit.UIView.swift */; };
		2BED94AA233F500100684352 /* Operators.swift in Sources */ = {isa = PBXBuildFile; fileRef = 2BED94A9233F500100684352 /* Operators.swift */; };
		2BED94AC233F60D900684352 /* CityCellViewModel.swift in Sources */ = {isa = PBXBuildFile; fileRef = 2BED94AB233F60D900684352 /* CityCellViewModel.swift */; };
		2BED94AE233FB01100684352 /* DateFormatterFactory.swift in Sources */ = {isa = PBXBuildFile; fileRef = 2BED94AD233FB01100684352 /* DateFormatterFactory.swift */; };
		2BED94B0233FC0A700684352 /* UIKit.UILabel.swift in Sources */ = {isa = PBXBuildFile; fileRef = 2BED94AF233FC0A700684352 /* UIKit.UILabel.swift */; };
		2BED94B2233FC1EE00684352 /* CityDetailsViewController.swift in Sources */ = {isa = PBXBuildFile; fileRef = 2BED94B1233FC1EE00684352 /* CityDetailsViewController.swift */; };
		2BED94B4233FC25800684352 /* CityDetailsView.swift in Sources */ = {isa = PBXBuildFile; fileRef = 2BED94B3233FC25800684352 /* CityDetailsView.swift */; };
		2BED94B6233FC26C00684352 /* CityDetailsViewModel.swift in Sources */ = {isa = PBXBuildFile; fileRef = 2BED94B5233FC26C00684352 /* CityDetailsViewModel.swift */; };
		2BED94C3233FE9F700684352 /* Utils.swift in Sources */ = {isa = PBXBuildFile; fileRef = 2BED94C2233FE9F700684352 /* Utils.swift */; };
		2BED94C5233FEB8F00684352 /* IconProvider.swift in Sources */ = {isa = PBXBuildFile; fileRef = 2BED94C4233FEB8F00684352 /* IconProvider.swift */; };
		2BED94C7233FEBD900684352 /* ImageProvider.swift in Sources */ = {isa = PBXBuildFile; fileRef = 2BED94C6233FEBD900684352 /* ImageProvider.swift */; };
		2BED94C9233FED7D00684352 /* Image.swift in Sources */ = {isa = PBXBuildFile; fileRef = 2BED94C8233FED7D00684352 /* Image.swift */; };
/* End PBXBuildFile section */

/* Begin PBXContainerItemProxy section */
		2B3501E6233E48B60003908B /* PBXContainerItemProxy */ = {
			isa = PBXContainerItemProxy;
			containerPortal = 2B3501BE233E48B30003908B /* Project object */;
			proxyType = 1;
			remoteGlobalIDString = 2B3501C5233E48B40003908B;
			remoteInfo = Veeather;
		};
		2BA3F97E23407F9000C5BE9C /* PBXContainerItemProxy */ = {
			isa = PBXContainerItemProxy;
			containerPortal = 2B3501BE233E48B30003908B /* Project object */;
			proxyType = 1;
			remoteGlobalIDString = 2B3501C5233E48B40003908B;
			remoteInfo = Veeather;
		};
		2BED944B233E696200684352 /* PBXContainerItemProxy */ = {
			isa = PBXContainerItemProxy;
			containerPortal = 2BED9446233E696200684352 /* Networking.xcodeproj */;
			proxyType = 2;
			remoteGlobalIDString = 2BED942B233E694300684352;
			remoteInfo = Networking;
		};
		2BED944D233E696200684352 /* PBXContainerItemProxy */ = {
			isa = PBXContainerItemProxy;
			containerPortal = 2BED9446233E696200684352 /* Networking.xcodeproj */;
			proxyType = 2;
			remoteGlobalIDString = 2BED9434233E694400684352;
			remoteInfo = NetworkingTests;
		};
/* End PBXContainerItemProxy section */

/* Begin PBXCopyFilesBuildPhase section */
		2BED9470233E934800684352 /* Embed Frameworks */ = {
			isa = PBXCopyFilesBuildPhase;
			buildActionMask = 2147483647;
			dstPath = "";
			dstSubfolderSpec = 10;
			files = (
				2BED946F233E934800684352 /* Networking.framework in Embed Frameworks */,
			);
			name = "Embed Frameworks";
			runOnlyForDeploymentPostprocessing = 0;
		};
/* End PBXCopyFilesBuildPhase section */

/* Begin PBXFileReference section */
		2B3501C6233E48B40003908B /* Veeather.app */ = {isa = PBXFileReference; explicitFileType = wrapper.application; includeInIndex = 0; path = Veeather.app; sourceTree = BUILT_PRODUCTS_DIR; };
		2B3501DA233E48B60003908B /* VeeatherTests.xctest */ = {isa = PBXFileReference; explicitFileType = wrapper.cfbundle; includeInIndex = 0; path = VeeatherTests.xctest; sourceTree = BUILT_PRODUCTS_DIR; };
		2B3501E0233E48B60003908B /* Test-Info.plist */ = {isa = PBXFileReference; lastKnownFileType = text.plist.xml; path = "Test-Info.plist"; sourceTree = "<group>"; };
		2B3501E5233E48B60003908B /* VeeatherUITests.xctest */ = {isa = PBXFileReference; explicitFileType = wrapper.cfbundle; includeInIndex = 0; path = VeeatherUITests.xctest; sourceTree = BUILT_PRODUCTS_DIR; };
		2B3501E9233E48B60003908B /* CityViewControllerSnapshotTest.swift */ = {isa = PBXFileReference; lastKnownFileType = sourcecode.swift; path = CityViewControllerSnapshotTest.swift; sourceTree = "<group>"; };
		2B3501EB233E48B60003908B /* Test-Info.plist */ = {isa = PBXFileReference; lastKnownFileType = text.plist.xml; path = "Test-Info.plist"; sourceTree = "<group>"; };
		2B35027A233E4C8D0003908B /* Assets.xcassets */ = {isa = PBXFileReference; lastKnownFileType = folder.assetcatalog; path = Assets.xcassets; sourceTree = "<group>"; };
		2B35027C233E4C8D0003908B /* Base */ = {isa = PBXFileReference; lastKnownFileType = file.storyboard; name = Base; path = Base.lproj/LaunchScreen.storyboard; sourceTree = "<group>"; };
		2B35027D233E4C8D0003908B /* Info.plist */ = {isa = PBXFileReference; fileEncoding = 4; lastKnownFileType = text.plist.xml; path = Info.plist; sourceTree = "<group>"; };
		2B35028A233E4C8D0003908B /* ViewController.swift */ = {isa = PBXFileReference; fileEncoding = 4; lastKnownFileType = sourcecode.swift; path = ViewController.swift; sourceTree = "<group>"; };
		2B35028B233E4C8D0003908B /* View.swift */ = {isa = PBXFileReference; fileEncoding = 4; lastKnownFileType = sourcecode.swift; path = View.swift; sourceTree = "<group>"; };
		2B350290233E4C8D0003908B /* AppDelegate.swift */ = {isa = PBXFileReference; fileEncoding = 4; lastKnownFileType = sourcecode.swift; path = AppDelegate.swift; sourceTree = "<group>"; };
		2B350291233E4C8D0003908B /* ApplicationController.swift */ = {isa = PBXFileReference; fileEncoding = 4; lastKnownFileType = sourcecode.swift; path = ApplicationController.swift; sourceTree = "<group>"; };
		2B87FDCB2340E5A200D396BE /* Foundation.Decodable.swift */ = {isa = PBXFileReference; lastKnownFileType = sourcecode.swift; path = Foundation.Decodable.swift; sourceTree = "<group>"; };
		2B87FDEA2340E8B700D396BE /* ForecastRequestTest.swift */ = {isa = PBXFileReference; lastKnownFileType = sourcecode.swift; path = ForecastRequestTest.swift; sourceTree = "<group>"; };
		2B87FDEE2340F2EC00D396BE /* CityViewModelTests.swift */ = {isa = PBXFileReference; lastKnownFileType = sourcecode.swift; path = CityViewModelTests.swift; sourceTree = "<group>"; };
		2B87FDF02340F35C00D396BE /* ForecastServiceMock.swift */ = {isa = PBXFileReference; lastKnownFileType = sourcecode.swift; path = ForecastServiceMock.swift; sourceTree = "<group>"; };
		2B87FDF22340F7B200D396BE /* CityViewControllerTests.swift */ = {isa = PBXFileReference; lastKnownFileType = sourcecode.swift; path = CityViewControllerTests.swift; sourceTree = "<group>"; };
		2B87FDF42340F85A00D396BE /* IconProviderMock.swift */ = {isa = PBXFileReference; lastKnownFileType = sourcecode.swift; path = IconProviderMock.swift; sourceTree = "<group>"; };
		2B87FDF62340FBD200D396BE /* UIKit.UIImage.swift */ = {isa = PBXFileReference; lastKnownFileType = sourcecode.swift; path = UIKit.UIImage.swift; sourceTree = "<group>"; };
		2B87FDF82340FD5600D396BE /* CityViewControllerDelegateMock.swift */ = {isa = PBXFileReference; lastKnownFileType = sourcecode.swift; path = CityViewControllerDelegateMock.swift; sourceTree = "<group>"; };
		2B87FDFB234106BE00D396BE /* SnapshotTesting.framework */ = {isa = PBXFileReference; lastKnownFileType = wrapper.framework; name = SnapshotTesting.framework; path = Carthage/Build/iOS/SnapshotTesting.framework; sourceTree = SOURCE_ROOT; };
		2B89485023410D040067833C /* IconProviderMock.swift */ = {isa = PBXFileReference; lastKnownFileType = sourcecode.swift; path = IconProviderMock.swift; sourceTree = "<group>"; };
		2B89485123410D040067833C /* ForecastServiceMock.swift */ = {isa = PBXFileReference; lastKnownFileType = sourcecode.swift; path = ForecastServiceMock.swift; sourceTree = "<group>"; };
		2B89485423410D5C0067833C /* Forecast+Fixture.swift */ = {isa = PBXFileReference; lastKnownFileType = sourcecode.swift; path = "Forecast+Fixture.swift"; sourceTree = "<group>"; };
		2B89485523410D5C0067833C /* APIResponse+Fixture.swift */ = {isa = PBXFileReference; lastKnownFileType = sourcecode.swift; path = "APIResponse+Fixture.swift"; sourceTree = "<group>"; };
		2B89485A234111090067833C /* VeeatherUITest-Bridging-Header.h */ = {isa = PBXFileReference; lastKnownFileType = sourcecode.c.h; path = "VeeatherUITest-Bridging-Header.h"; sourceTree = "<group>"; };
		2BA3F95E233FF41700C5BE9C /* Veeather-Bridging-Header.h */ = {isa = PBXFileReference; lastKnownFileType = sourcecode.c.h; path = "Veeather-Bridging-Header.h"; sourceTree = "<group>"; };
		2BA3F95F233FF41700C5BE9C /* VeeatherKeys.m */ = {isa = PBXFileReference; fileEncoding = 4; lastKnownFileType = sourcecode.c.objc; name = VeeatherKeys.m; path = Pods/CocoaPodsKeys/VeeatherKeys.m; sourceTree = SOURCE_ROOT; };
		2BA3F960233FF41700C5BE9C /* VeeatherKeys.h */ = {isa = PBXFileReference; fileEncoding = 4; lastKnownFileType = sourcecode.c.h; name = VeeatherKeys.h; path = Pods/CocoaPodsKeys/VeeatherKeys.h; sourceTree = SOURCE_ROOT; };
		2BA3F962233FF45900C5BE9C /* Keys.swift */ = {isa = PBXFileReference; lastKnownFileType = sourcecode.swift; path = Keys.swift; sourceTree = "<group>"; };
		2BA3F9712340758000C5BE9C /* ForecastServiceTests.swift */ = {isa = PBXFileReference; lastKnownFileType = sourcecode.swift; path = ForecastServiceTests.swift; sourceTree = "<group>"; };
		2BA3F9742340786100C5BE9C /* APIClientMock.swift */ = {isa = PBXFileReference; lastKnownFileType = sourcecode.swift; path = APIClientMock.swift; sourceTree = "<group>"; };
		2BA3F9802340808C00C5BE9C /* UITests.xcconfig */ = {isa = PBXFileReference; lastKnownFileType = text.xcconfig; path = UITests.xcconfig; sourceTree = "<group>"; };
		2BA3F9822340C57A00C5BE9C /* Forecast+Fixture.swift */ = {isa = PBXFileReference; lastKnownFileType = sourcecode.swift; path = "Forecast+Fixture.swift"; sourceTree = "<group>"; };
		2BA3F9842340C61600C5BE9C /* APIResponse+Fixture.swift */ = {isa = PBXFileReference; lastKnownFileType = sourcecode.swift; path = "APIResponse+Fixture.swift"; sourceTree = "<group>"; };
		2BA3F9872340C70800C5BE9C /* forecast.json */ = {isa = PBXFileReference; lastKnownFileType = text.json; path = forecast.json; sourceTree = "<group>"; };
		2BED9406233E583F00684352 /* App.xcconfig */ = {isa = PBXFileReference; lastKnownFileType = text.xcconfig; path = App.xcconfig; sourceTree = "<group>"; };
		2BED9407233E583F00684352 /* Release.xcconfig */ = {isa = PBXFileReference; lastKnownFileType = text.xcconfig; path = Release.xcconfig; sourceTree = "<group>"; };
		2BED9408233E583F00684352 /* Development.xcconfig */ = {isa = PBXFileReference; lastKnownFileType = text.xcconfig; path = Development.xcconfig; sourceTree = "<group>"; };
		2BED940A233E583F00684352 /* Tests.xcconfig */ = {isa = PBXFileReference; lastKnownFileType = text.xcconfig; path = Tests.xcconfig; sourceTree = "<group>"; };
		2BED940B233E583F00684352 /* Base.xcconfig */ = {isa = PBXFileReference; lastKnownFileType = text.xcconfig; path = Base.xcconfig; sourceTree = "<group>"; };
		2BED940C233E58CD00684352 /* Veeather.xcconfig */ = {isa = PBXFileReference; lastKnownFileType = text.xcconfig; path = Veeather.xcconfig; sourceTree = "<group>"; };
		2BED940E233E59B500684352 /* ApplicationDependencies.swift */ = {isa = PBXFileReference; fileEncoding = 4; lastKnownFileType = sourcecode.swift; path = ApplicationDependencies.swift; sourceTree = "<group>"; };
		2BED9412233E5A5100684352 /* CityViewController.swift */ = {isa = PBXFileReference; lastKnownFileType = sourcecode.swift; path = CityViewController.swift; sourceTree = "<group>"; };
		2BED941A233E649D00684352 /* FlowController.swift */ = {isa = PBXFileReference; lastKnownFileType = sourcecode.swift; path = FlowController.swift; sourceTree = "<group>"; };
		2BED941C233E659B00684352 /* TableViewController.swift */ = {isa = PBXFileReference; lastKnownFileType = sourcecode.swift; path = TableViewController.swift; sourceTree = "<group>"; };
		2BED941F233E676A00684352 /* WeatherFactory.swift */ = {isa = PBXFileReference; lastKnownFileType = sourcecode.swift; path = WeatherFactory.swift; sourceTree = "<group>"; };
		2BED9446233E696200684352 /* Networking.xcodeproj */ = {isa = PBXFileReference; lastKnownFileType = "wrapper.pb-project"; name = Networking.xcodeproj; path = Frameworks/Networking/Networking.xcodeproj; sourceTree = SOURCE_ROOT; };
		2BED9480233E95E100684352 /* OpenWeatherBuilder.swift */ = {isa = PBXFileReference; lastKnownFileType = sourcecode.swift; path = OpenWeatherBuilder.swift; sourceTree = "<group>"; };
		2BED9483233E98AB00684352 /* ForecastRequest.swift */ = {isa = PBXFileReference; lastKnownFileType = sourcecode.swift; path = ForecastRequest.swift; sourceTree = "<group>"; };
		2BED9486233E995100684352 /* ForecastService.swift */ = {isa = PBXFileReference; lastKnownFileType = sourcecode.swift; path = ForecastService.swift; sourceTree = "<group>"; };
		2BED948A233E99A700684352 /* Weather.swift */ = {isa = PBXFileReference; lastKnownFileType = sourcecode.swift; path = Weather.swift; sourceTree = "<group>"; };
		2BED948C233EA9EF00684352 /* CityViewModel.swift */ = {isa = PBXFileReference; lastKnownFileType = sourcecode.swift; path = CityViewModel.swift; sourceTree = "<group>"; };
		2BED9494233EAE6800684352 /* Observable.swift */ = {isa = PBXFileReference; lastKnownFileType = sourcecode.swift; path = Observable.swift; sourceTree = "<group>"; };
		2BED9496233EAE8C00684352 /* Lock.swift */ = {isa = PBXFileReference; lastKnownFileType = sourcecode.swift; path = Lock.swift; sourceTree = "<group>"; };
		2BED9498233EAEC700684352 /* Disposable.swift */ = {isa = PBXFileReference; lastKnownFileType = sourcecode.swift; path = Disposable.swift; sourceTree = "<group>"; };
		2BED949A233EB2D000684352 /* Reusable.swift */ = {isa = PBXFileReference; fileEncoding = 4; lastKnownFileType = sourcecode.swift; path = Reusable.swift; sourceTree = "<group>"; };
		2BED949C233EB2F500684352 /* UIKit.UITableView.swift */ = {isa = PBXFileReference; fileEncoding = 4; lastKnownFileType = sourcecode.swift; path = UIKit.UITableView.swift; sourceTree = "<group>"; };
		2BED949E233EB33000684352 /* TableViewCell.swift */ = {isa = PBXFileReference; fileEncoding = 4; lastKnownFileType = sourcecode.swift; path = TableViewCell.swift; sourceTree = "<group>"; };
		2BED94A0233EB34400684352 /* CityCell.swift */ = {isa = PBXFileReference; lastKnownFileType = sourcecode.swift; path = CityCell.swift; sourceTree = "<group>"; };
		2BED94A2233EB38600684352 /* UIKit.UIView.swift */ = {isa = PBXFileReference; fileEncoding = 4; lastKnownFileType = sourcecode.swift; path = UIKit.UIView.swift; sourceTree = "<group>"; };
		2BED94A9233F500100684352 /* Operators.swift */ = {isa = PBXFileReference; lastKnownFileType = sourcecode.swift; path = Operators.swift; sourceTree = "<group>"; };
		2BED94AB233F60D900684352 /* CityCellViewModel.swift */ = {isa = PBXFileReference; lastKnownFileType = sourcecode.swift; path = CityCellViewModel.swift; sourceTree = "<group>"; };
		2BED94AD233FB01100684352 /* DateFormatterFactory.swift */ = {isa = PBXFileReference; lastKnownFileType = sourcecode.swift; path = DateFormatterFactory.swift; sourceTree = "<group>"; };
		2BED94AF233FC0A700684352 /* UIKit.UILabel.swift */ = {isa = PBXFileReference; lastKnownFileType = sourcecode.swift; path = UIKit.UILabel.swift; sourceTree = "<group>"; };
		2BED94B1233FC1EE00684352 /* CityDetailsViewController.swift */ = {isa = PBXFileReference; lastKnownFileType = sourcecode.swift; path = CityDetailsViewController.swift; sourceTree = "<group>"; };
		2BED94B3233FC25800684352 /* CityDetailsView.swift */ = {isa = PBXFileReference; lastKnownFileType = sourcecode.swift; path = CityDetailsView.swift; sourceTree = "<group>"; };
		2BED94B5233FC26C00684352 /* CityDetailsViewModel.swift */ = {isa = PBXFileReference; lastKnownFileType = sourcecode.swift; path = CityDetailsViewModel.swift; sourceTree = "<group>"; };
		2BED94C2233FE9F700684352 /* Utils.swift */ = {isa = PBXFileReference; lastKnownFileType = sourcecode.swift; path = Utils.swift; sourceTree = "<group>"; };
		2BED94C4233FEB8F00684352 /* IconProvider.swift */ = {isa = PBXFileReference; fileEncoding = 4; lastKnownFileType = sourcecode.swift; name = IconProvider.swift; path = Veeather/Sources/Providers/IconProvider.swift; sourceTree = SOURCE_ROOT; };
		2BED94C6233FEBD900684352 /* ImageProvider.swift */ = {isa = PBXFileReference; fileEncoding = 4; lastKnownFileType = sourcecode.swift; name = ImageProvider.swift; path = Veeather/Sources/Providers/ImageProvider.swift; sourceTree = SOURCE_ROOT; };
		2BED94C8233FED7D00684352 /* Image.swift */ = {isa = PBXFileReference; fileEncoding = 4; lastKnownFileType = sourcecode.swift; path = Image.swift; sourceTree = "<group>"; };
/* End PBXFileReference section */

/* Begin PBXFrameworksBuildPhase section */
		2B3501C3233E48B40003908B /* Frameworks */ = {
			isa = PBXFrameworksBuildPhase;
			buildActionMask = 2147483647;
			files = (
				2BED946E233E934800684352 /* Networking.framework in Frameworks */,
			);
			runOnlyForDeploymentPostprocessing = 0;
		};
		2B3501D7233E48B60003908B /* Frameworks */ = {
			isa = PBXFrameworksBuildPhase;
			buildActionMask = 2147483647;
			files = (
			);
			runOnlyForDeploymentPostprocessing = 0;
		};
		2B3501E2233E48B60003908B /* Frameworks */ = {
			isa = PBXFrameworksBuildPhase;
			buildActionMask = 2147483647;
			files = (
				2B87FDFC234106BE00D396BE /* SnapshotTesting.framework in Frameworks */,
			);
			runOnlyForDeploymentPostprocessing = 0;
		};
/* End PBXFrameworksBuildPhase section */

/* Begin PBXGroup section */
		2B3501BD233E48B30003908B = {
			isa = PBXGroup;
			children = (
				2BED9445233E694F00684352 /* Frameworks */,
				2B3501C8233E48B40003908B /* Veeather */,
				2B3501DD233E48B60003908B /* VeeatherTests */,
				2B3501E8233E48B60003908B /* VeeatherUITests */,
				2B3501C7233E48B40003908B /* Products */,
			);
			sourceTree = "<group>";
		};
		2B3501C7233E48B40003908B /* Products */ = {
			isa = PBXGroup;
			children = (
				2B3501C6233E48B40003908B /* Veeather.app */,
				2B3501DA233E48B60003908B /* VeeatherTests.xctest */,
				2B3501E5233E48B60003908B /* VeeatherUITests.xctest */,
			);
			name = Products;
			sourceTree = "<group>";
		};
		2B3501C8233E48B40003908B /* Veeather */ = {
			isa = PBXGroup;
			children = (
				2BED9405233E583F00684352 /* Configuration */,
				2B35027E233E4C8D0003908B /* Sources */,
				2B350279233E4C8D0003908B /* Resources */,
			);
			path = Veeather;
			sourceTree = "<group>";
		};
		2B3501DD233E48B60003908B /* VeeatherTests */ = {
			isa = PBXGroup;
			children = (
				2B87FDC82340E58100D396BE /* Extensions */,
				2BA3F96E2340752D00C5BE9C /* Tests */,
				2BA3F96D2340752400C5BE9C /* Doubles */,
				2B3501E0233E48B60003908B /* Test-Info.plist */,
			);
			path = VeeatherTests;
			sourceTree = "<group>";
		};
		2B3501E8233E48B60003908B /* VeeatherUITests */ = {
			isa = PBXGroup;
			children = (
				2B89484B23410CCF0067833C /* Doubles */,
				2B3501E9233E48B60003908B /* CityViewControllerSnapshotTest.swift */,
				2B3501EB233E48B60003908B /* Test-Info.plist */,
				2B89485A234111090067833C /* VeeatherUITest-Bridging-Header.h */,
			);
			path = VeeatherUITests;
			sourceTree = "<group>";
		};
		2B350279233E4C8D0003908B /* Resources */ = {
			isa = PBXGroup;
			children = (
				2BA3F95B233FF3B800C5BE9C /* Keys */,
				2B35027A233E4C8D0003908B /* Assets.xcassets */,
				2B35027B233E4C8D0003908B /* LaunchScreen.storyboard */,
				2B35027D233E4C8D0003908B /* Info.plist */,
			);
			path = Resources;
			sourceTree = "<group>";
		};
		2B35027E233E4C8D0003908B /* Sources */ = {
			isa = PBXGroup;
			children = (
				2B350288233E4C8D0003908B /* Abstractions */,
				2BED9488233E999600684352 /* Data */,
				2B350281233E4C8D0003908B /* Extensions */,
				2BED941E233E675800684352 /* Factories */,
				2BED9418233E647500684352 /* Navigation */,
				2BED93F3233E526C00684352 /* Networking */,
				2B35028D233E4C8D0003908B /* Protocols */,
				2B35027F233E4C8D0003908B /* Providers */,
				2B350287233E4C8D0003908B /* Screens */,
				2B35028F233E4C8D0003908B /* Services */,
				2BED94BF233FE9E600684352 /* Utils */,
			);
			path = Sources;
			sourceTree = "<group>";
		};
		2B35027F233E4C8D0003908B /* Providers */ = {
			isa = PBXGroup;
			children = (
				2BED94C6233FEBD900684352 /* ImageProvider.swift */,
				2BED94C4233FEB8F00684352 /* IconProvider.swift */,
			);
			name = Providers;
			path = ../../Frameworks/Networking/Networking/Sources/Providers;
			sourceTree = "<group>";
		};
		2B350281233E4C8D0003908B /* Extensions */ = {
			isa = PBXGroup;
			children = (
				2BED94A2233EB38600684352 /* UIKit.UIView.swift */,
				2BED949C233EB2F500684352 /* UIKit.UITableView.swift */,
				2BED94AF233FC0A700684352 /* UIKit.UILabel.swift */,
			);
			path = Extensions;
			sourceTree = "<group>";
		};
		2B350287233E4C8D0003908B /* Screens */ = {
			isa = PBXGroup;
			children = (
				2BED9410233E5A0900684352 /* City */,
				2BED9411233E5A3600684352 /* CityDetails */,
			);
			path = Screens;
			sourceTree = "<group>";
		};
		2B350288233E4C8D0003908B /* Abstractions */ = {
			isa = PBXGroup;
			children = (
				2BED94A8233F4FF500684352 /* Operators */,
				2BED940D233E59B500684352 /* Application */,
				2BED9493233EAE5900684352 /* Observable */,
				2B350289233E4C8D0003908B /* UIKit */,
			);
			path = Abstractions;
			sourceTree = "<group>";
		};
		2B350289233E4C8D0003908B /* UIKit */ = {
			isa = PBXGroup;
			children = (
				2BED949E233EB33000684352 /* TableViewCell.swift */,
				2BED941C233E659B00684352 /* TableViewController.swift */,
				2B35028B233E4C8D0003908B /* View.swift */,
				2B35028A233E4C8D0003908B /* ViewController.swift */,
			);
			path = UIKit;
			sourceTree = "<group>";
		};
		2B35028D233E4C8D0003908B /* Protocols */ = {
			isa = PBXGroup;
			children = (
				2BED94C8233FED7D00684352 /* Image.swift */,
				2BED949A233EB2D000684352 /* Reusable.swift */,
			);
			path = Protocols;
			sourceTree = "<group>";
		};
		2B35028F233E4C8D0003908B /* Services */ = {
			isa = PBXGroup;
			children = (
				2B350290233E4C8D0003908B /* AppDelegate.swift */,
				2B350291233E4C8D0003908B /* ApplicationController.swift */,
			);
			path = Services;
			sourceTree = "<group>";
		};
		2B87FDC82340E58100D396BE /* Extensions */ = {
			isa = PBXGroup;
			children = (
				2B87FDCB2340E5A200D396BE /* Foundation.Decodable.swift */,
				2B87FDF62340FBD200D396BE /* UIKit.UIImage.swift */,
			);
			path = Extensions;
			sourceTree = "<group>";
		};
		2B87FDE92340E89D00D396BE /* Request */ = {
			isa = PBXGroup;
			children = (
				2B87FDEA2340E8B700D396BE /* ForecastRequestTest.swift */,
			);
			path = Request;
			sourceTree = "<group>";
		};
		2B87FDEC2340F2CD00D396BE /* Screens */ = {
			isa = PBXGroup;
			children = (
				2B87FDED2340F2DA00D396BE /* City */,
			);
			path = Screens;
			sourceTree = "<group>";
		};
		2B87FDED2340F2DA00D396BE /* City */ = {
			isa = PBXGroup;
			children = (
				2B87FDEE2340F2EC00D396BE /* CityViewModelTests.swift */,
				2B87FDF22340F7B200D396BE /* CityViewControllerTests.swift */,
			);
			path = City;
			sourceTree = "<group>";
		};
		2B89484B23410CCF0067833C /* Doubles */ = {
			isa = PBXGroup;
			children = (
				2B89484F23410CDB0067833C /* Fixtures */,
				2B89484E23410CD60067833C /* Mocks */,
			);
			path = Doubles;
			sourceTree = "<group>";
		};
		2B89484E23410CD60067833C /* Mocks */ = {
			isa = PBXGroup;
			children = (
				2B89485123410D040067833C /* ForecastServiceMock.swift */,
				2B89485023410D040067833C /* IconProviderMock.swift */,
			);
			path = Mocks;
			sourceTree = "<group>";
		};
		2B89484F23410CDB0067833C /* Fixtures */ = {
			isa = PBXGroup;
			children = (
				2B89485523410D5C0067833C /* APIResponse+Fixture.swift */,
				2B89485423410D5C0067833C /* Forecast+Fixture.swift */,
			);
			path = Fixtures;
			sourceTree = "<group>";
		};
		2BA3F95B233FF3B800C5BE9C /* Keys */ = {
			isa = PBXGroup;
			children = (
				2BA3F960233FF41700C5BE9C /* VeeatherKeys.h */,
				2BA3F95F233FF41700C5BE9C /* VeeatherKeys.m */,
				2BA3F95E233FF41700C5BE9C /* Veeather-Bridging-Header.h */,
				2BA3F962233FF45900C5BE9C /* Keys.swift */,
			);
			path = Keys;
			sourceTree = "<group>";
		};
		2BA3F96D2340752400C5BE9C /* Doubles */ = {
			isa = PBXGroup;
			children = (
				2BA3F9862340C6F400C5BE9C /* json */,
				2BA3F9812340C2D600C5BE9C /* Fixtures */,
				2BA3F9732340785200C5BE9C /* Mock */,
			);
			path = Doubles;
			sourceTree = "<group>";
		};
		2BA3F96E2340752D00C5BE9C /* Tests */ = {
			isa = PBXGroup;
			children = (
				2B87FDEC2340F2CD00D396BE /* Screens */,
				2BA3F96F2340755100C5BE9C /* Networking */,
			);
			path = Tests;
			sourceTree = "<group>";
		};
		2BA3F96F2340755100C5BE9C /* Networking */ = {
			isa = PBXGroup;
			children = (
				2B87FDE92340E89D00D396BE /* Request */,
				2BA3F9702340755800C5BE9C /* Services */,
			);
			path = Networking;
			sourceTree = "<group>";
		};
		2BA3F9702340755800C5BE9C /* Services */ = {
			isa = PBXGroup;
			children = (
				2BA3F9712340758000C5BE9C /* ForecastServiceTests.swift */,
			);
			path = Services;
			sourceTree = "<group>";
		};
		2BA3F9732340785200C5BE9C /* Mock */ = {
			isa = PBXGroup;
			children = (
				2BA3F9742340786100C5BE9C /* APIClientMock.swift */,
				2B87FDF82340FD5600D396BE /* CityViewControllerDelegateMock.swift */,
				2B87FDF02340F35C00D396BE /* ForecastServiceMock.swift */,
				2B87FDF42340F85A00D396BE /* IconProviderMock.swift */,
			);
			path = Mock;
			sourceTree = "<group>";
		};
		2BA3F9812340C2D600C5BE9C /* Fixtures */ = {
			isa = PBXGroup;
			children = (
				2BA3F9842340C61600C5BE9C /* APIResponse+Fixture.swift */,
				2BA3F9822340C57A00C5BE9C /* Forecast+Fixture.swift */,
			);
			path = Fixtures;
			sourceTree = "<group>";
		};
		2BA3F9862340C6F400C5BE9C /* json */ = {
			isa = PBXGroup;
			children = (
				2BA3F9872340C70800C5BE9C /* forecast.json */,
			);
			path = json;
			sourceTree = "<group>";
		};
		2BED93F3233E526C00684352 /* Networking */ = {
			isa = PBXGroup;
			children = (
				2BED9485233E993C00684352 /* Service */,
				2BED9482233E989A00684352 /* Request */,
				2BED947F233E95CA00684352 /* Builders */,
			);
			path = Networking;
			sourceTree = "<group>";
		};
		2BED9405233E583F00684352 /* Configuration */ = {
			isa = PBXGroup;
			children = (
				2BED9406233E583F00684352 /* App.xcconfig */,
				2BED940B233E583F00684352 /* Base.xcconfig */,
				2BED9408233E583F00684352 /* Development.xcconfig */,
				2BED9407233E583F00684352 /* Release.xcconfig */,
				2BED940A233E583F00684352 /* Tests.xcconfig */,
				2BA3F9802340808C00C5BE9C /* UITests.xcconfig */,
				2BED940C233E58CD00684352 /* Veeather.xcconfig */,
			);
			path = Configuration;
			sourceTree = "<group>";
		};
		2BED940D233E59B500684352 /* Application */ = {
			isa = PBXGroup;
			children = (
				2BED940E233E59B500684352 /* ApplicationDependencies.swift */,
			);
			path = Application;
			sourceTree = "<group>";
		};
		2BED9410233E5A0900684352 /* City */ = {
			isa = PBXGroup;
			children = (
				2BED94A0233EB34400684352 /* CityCell.swift */,
				2BED94AB233F60D900684352 /* CityCellViewModel.swift */,
				2BED9412233E5A5100684352 /* CityViewController.swift */,
				2BED948C233EA9EF00684352 /* CityViewModel.swift */,
			);
			path = City;
			sourceTree = "<group>";
		};
		2BED9411233E5A3600684352 /* CityDetails */ = {
			isa = PBXGroup;
			children = (
				2BED94B1233FC1EE00684352 /* CityDetailsViewController.swift */,
				2BED94B3233FC25800684352 /* CityDetailsView.swift */,
				2BED94B5233FC26C00684352 /* CityDetailsViewModel.swift */,
			);
			path = CityDetails;
			sourceTree = "<group>";
		};
		2BED9418233E647500684352 /* Navigation */ = {
			isa = PBXGroup;
			children = (
				2BED9419233E647D00684352 /* FlowControllers */,
			);
			path = Navigation;
			sourceTree = "<group>";
		};
		2BED9419233E647D00684352 /* FlowControllers */ = {
			isa = PBXGroup;
			children = (
				2BED941A233E649D00684352 /* FlowController.swift */,
			);
			path = FlowControllers;
			sourceTree = "<group>";
		};
		2BED941E233E675800684352 /* Factories */ = {
			isa = PBXGroup;
			children = (
				2BED94AD233FB01100684352 /* DateFormatterFactory.swift */,
				2BED941F233E676A00684352 /* WeatherFactory.swift */,
			);
			path = Factories;
			sourceTree = "<group>";
		};
		2BED9445233E694F00684352 /* Frameworks */ = {
			isa = PBXGroup;
			children = (
				2B87FDFB234106BE00D396BE /* SnapshotTesting.framework */,
				2BED9446233E696200684352 /* Networking.xcodeproj */,
			);
			path = Frameworks;
			sourceTree = "<group>";
		};
		2BED9447233E696200684352 /* Products */ = {
			isa = PBXGroup;
			children = (
				2BED944C233E696200684352 /* Networking.framework */,
				2BED944E233E696200684352 /* NetworkingTests.xctest */,
			);
			name = Products;
			sourceTree = "<group>";
		};
		2BED947F233E95CA00684352 /* Builders */ = {
			isa = PBXGroup;
			children = (
				2BED9480233E95E100684352 /* OpenWeatherBuilder.swift */,
			);
			path = Builders;
			sourceTree = "<group>";
		};
		2BED9482233E989A00684352 /* Request */ = {
			isa = PBXGroup;
			children = (
				2BED9483233E98AB00684352 /* ForecastRequest.swift */,
			);
			path = Request;
			sourceTree = "<group>";
		};
		2BED9485233E993C00684352 /* Service */ = {
			isa = PBXGroup;
			children = (
				2BED9486233E995100684352 /* ForecastService.swift */,
			);
			path = Service;
			sourceTree = "<group>";
		};
		2BED9488233E999600684352 /* Data */ = {
			isa = PBXGroup;
			children = (
				2BED9489233E999D00684352 /* Models */,
			);
			path = Data;
			sourceTree = "<group>";
		};
		2BED9489233E999D00684352 /* Models */ = {
			isa = PBXGroup;
			children = (
				2BED948A233E99A700684352 /* Weather.swift */,
			);
			path = Models;
			sourceTree = "<group>";
		};
		2BED9493233EAE5900684352 /* Observable */ = {
			isa = PBXGroup;
			children = (
				2BED9498233EAEC700684352 /* Disposable.swift */,
				2BED9496233EAE8C00684352 /* Lock.swift */,
				2BED9494233EAE6800684352 /* Observable.swift */,
			);
			path = Observable;
			sourceTree = "<group>";
		};
		2BED94A8233F4FF500684352 /* Operators */ = {
			isa = PBXGroup;
			children = (
				2BED94A9233F500100684352 /* Operators.swift */,
			);
			path = Operators;
			sourceTree = "<group>";
		};
		2BED94BF233FE9E600684352 /* Utils */ = {
			isa = PBXGroup;
			children = (
				2BED94C2233FE9F700684352 /* Utils.swift */,
			);
			path = Utils;
			sourceTree = "<group>";
		};
/* End PBXGroup section */

/* Begin PBXNativeTarget section */
		2B3501C5233E48B40003908B /* Veeather */ = {
			isa = PBXNativeTarget;
			buildConfigurationList = 2B3501EE233E48B60003908B /* Build configuration list for PBXNativeTarget "Veeather" */;
			buildPhases = (
				2B3501C2233E48B40003908B /* Sources */,
				2B3501C3233E48B40003908B /* Frameworks */,
				2B3501C4233E48B40003908B /* Resources */,
				2BED9470233E934800684352 /* Embed Frameworks */,
			);
			buildRules = (
			);
			dependencies = (
			);
			name = Veeather;
			productName = Veeather;
			productReference = 2B3501C6233E48B40003908B /* Veeather.app */;
			productType = "com.apple.product-type.application";
		};
		2B3501D9233E48B60003908B /* VeeatherTests */ = {
			isa = PBXNativeTarget;
			buildConfigurationList = 2B3501F1233E48B60003908B /* Build configuration list for PBXNativeTarget "VeeatherTests" */;
			buildPhases = (
				2B3501D6233E48B60003908B /* Sources */,
				2B3501D7233E48B60003908B /* Frameworks */,
				2B3501D8233E48B60003908B /* Resources */,
			);
			buildRules = (
			);
			dependencies = (
				2BA3F97F23407F9000C5BE9C /* PBXTargetDependency */,
			);
			name = VeeatherTests;
			productName = VeeatherTests;
			productReference = 2B3501DA233E48B60003908B /* VeeatherTests.xctest */;
			productType = "com.apple.product-type.bundle.unit-test";
		};
		2B3501E4233E48B60003908B /* VeeatherUITests */ = {
			isa = PBXNativeTarget;
			buildConfigurationList = 2B3501F4233E48B60003908B /* Build configuration list for PBXNativeTarget "VeeatherUITests" */;
			buildPhases = (
				2B3501E1233E48B60003908B /* Sources */,
				2B3501E2233E48B60003908B /* Frameworks */,
				2B3501E3233E48B60003908B /* Resources */,
				2B87FDFA2341062D00D396BE /* Carthage copy frameworks */,
			);
			buildRules = (
			);
			dependencies = (
				2B3501E7233E48B60003908B /* PBXTargetDependency */,
			);
			name = VeeatherUITests;
			productName = VeeatherUITests;
			productReference = 2B3501E5233E48B60003908B /* VeeatherUITests.xctest */;
			productType = "com.apple.product-type.bundle.ui-testing";
		};
/* End PBXNativeTarget section */

/* Begin PBXProject section */
		2B3501BE233E48B30003908B /* Project object */ = {
			isa = PBXProject;
			attributes = {
				LastSwiftUpdateCheck = 1030;
				LastUpgradeCheck = 1030;
				ORGANIZATIONNAME = Smartapps;
				TargetAttributes = {
					2B3501C5233E48B40003908B = {
						CreatedOnToolsVersion = 10.3;
						LastSwiftMigration = 1030;
					};
					2B3501D9233E48B60003908B = {
						CreatedOnToolsVersion = 10.3;
						LastSwiftMigration = 1030;
						TestTargetID = 2B3501C5233E48B40003908B;
					};
					2B3501E4233E48B60003908B = {
						CreatedOnToolsVersion = 10.3;
						TestTargetID = 2B3501C5233E48B40003908B;
					};
				};
			};
			buildConfigurationList = 2B3501C1233E48B30003908B /* Build configuration list for PBXProject "Veeather" */;
			compatibilityVersion = "Xcode 10.0";
			developmentRegion = en;
			hasScannedForEncodings = 0;
			knownRegions = (
				en,
				Base,
			);
			mainGroup = 2B3501BD233E48B30003908B;
			productRefGroup = 2B3501C7233E48B40003908B /* Products */;
			projectDirPath = "";
			projectReferences = (
				{
					ProductGroup = 2BED9447233E696200684352 /* Products */;
					ProjectRef = 2BED9446233E696200684352 /* Networking.xcodeproj */;
				},
			);
			projectRoot = "";
			targets = (
				2B3501C5233E48B40003908B /* Veeather */,
				2B3501D9233E48B60003908B /* VeeatherTests */,
				2B3501E4233E48B60003908B /* VeeatherUITests */,
			);
		};
/* End PBXProject section */

/* Begin PBXReferenceProxy section */
		2BED944C233E696200684352 /* Networking.framework */ = {
			isa = PBXReferenceProxy;
			fileType = wrapper.framework;
			path = Networking.framework;
			remoteRef = 2BED944B233E696200684352 /* PBXContainerItemProxy */;
			sourceTree = BUILT_PRODUCTS_DIR;
		};
		2BED944E233E696200684352 /* NetworkingTests.xctest */ = {
			isa = PBXReferenceProxy;
			fileType = wrapper.cfbundle;
			path = NetworkingTests.xctest;
			remoteRef = 2BED944D233E696200684352 /* PBXContainerItemProxy */;
			sourceTree = BUILT_PRODUCTS_DIR;
		};
/* End PBXReferenceProxy section */

/* Begin PBXResourcesBuildPhase section */
		2B3501C4233E48B40003908B /* Resources */ = {
			isa = PBXResourcesBuildPhase;
			buildActionMask = 2147483647;
			files = (
				2B350292233E4C8D0003908B /* Assets.xcassets in Resources */,
				2B350293233E4C8D0003908B /* LaunchScreen.storyboard in Resources */,
			);
			runOnlyForDeploymentPostprocessing = 0;
		};
		2B3501D8233E48B60003908B /* Resources */ = {
			isa = PBXResourcesBuildPhase;
			buildActionMask = 2147483647;
			files = (
				2BA3F9882340C70800C5BE9C /* forecast.json in Resources */,
			);
			runOnlyForDeploymentPostprocessing = 0;
		};
		2B3501E3233E48B60003908B /* Resources */ = {
			isa = PBXResourcesBuildPhase;
			buildActionMask = 2147483647;
			files = (
			);
			runOnlyForDeploymentPostprocessing = 0;
		};
/* End PBXResourcesBuildPhase section */

/* Begin PBXShellScriptBuildPhase section */
		2B87FDFA2341062D00D396BE /* Carthage copy frameworks */ = {
			isa = PBXShellScriptBuildPhase;
			buildActionMask = 2147483647;
			files = (
			);
			inputFileListPaths = (
			);
			inputPaths = (
				"$(_CARTHAGE_BUILD_PATH)/SnapshotTesting.framework",
			);
			name = "Carthage copy frameworks";
			outputFileListPaths = (
			);
			outputPaths = (
			);
			runOnlyForDeploymentPostprocessing = 0;
			shellPath = /bin/sh;
			shellScript = "carthage copy-frameworks\n";
		};
/* End PBXShellScriptBuildPhase section */

/* Begin PBXSourcesBuildPhase section */
		2B3501C2233E48B40003908B /* Sources */ = {
			isa = PBXSourcesBuildPhase;
			buildActionMask = 2147483647;
			files = (
				2BED94B6233FC26C00684352 /* CityDetailsViewModel.swift in Sources */,
				2BED94C5233FEB8F00684352 /* IconProvider.swift in Sources */,
				2BED9495233EAE6800684352 /* Observable.swift in Sources */,
				2BED94B4233FC25800684352 /* CityDetailsView.swift in Sources */,
				2BA3F963233FF45900C5BE9C /* Keys.swift in Sources */,
				2BED9499233EAEC700684352 /* Disposable.swift in Sources */,
				2BED9484233E98AB00684352 /* ForecastRequest.swift in Sources */,
				2BED948D233EA9EF00684352 /* CityViewModel.swift in Sources */,
				2BED941D233E659B00684352 /* TableViewController.swift in Sources */,
				2BED94B0233FC0A700684352 /* UIKit.UILabel.swift in Sources */,
				2B350299233E4C8E0003908B /* ViewController.swift in Sources */,
				2BED940F233E59B500684352 /* ApplicationDependencies.swift in Sources */,
				2BED94AA233F500100684352 /* Operators.swift in Sources */,
				2B35029A233E4C8E0003908B /* View.swift in Sources */,
				2BED94B2233FC1EE00684352 /* CityDetailsViewController.swift in Sources */,
				2BED94A3233EB38600684352 /* UIKit.UIView.swift in Sources */,
				2BED948B233E99A700684352 /* Weather.swift in Sources */,
				2BED9497233EAE8C00684352 /* Lock.swift in Sources */,
				2B35029D233E4C8E0003908B /* AppDelegate.swift in Sources */,
				2BED949F233EB33000684352 /* TableViewCell.swift in Sources */,
				2BA3F961233FF41700C5BE9C /* VeeatherKeys.m in Sources */,
				2B35029E233E4C8E0003908B /* ApplicationController.swift in Sources */,
				2BED94A1233EB34400684352 /* CityCell.swift in Sources */,
				2BED9420233E676A00684352 /* WeatherFactory.swift in Sources */,
				2BED94AE233FB01100684352 /* DateFormatterFactory.swift in Sources */,
				2BED94C7233FEBD900684352 /* ImageProvider.swift in Sources */,
				2BED9487233E995100684352 /* ForecastService.swift in Sources */,
				2BED941B233E649D00684352 /* FlowController.swift in Sources */,
				2BED949B233EB2D000684352 /* Reusable.swift in Sources */,
				2BED94AC233F60D900684352 /* CityCellViewModel.swift in Sources */,
				2BED9413233E5A5100684352 /* CityViewController.swift in Sources */,
				2BED94C3233FE9F700684352 /* Utils.swift in Sources */,
				2BED9481233E95E100684352 /* OpenWeatherBuilder.swift in Sources */,
				2BED94C9233FED7D00684352 /* Image.swift in Sources */,
				2BED949D233EB2F500684352 /* UIKit.UITableView.swift in Sources */,
			);
			runOnlyForDeploymentPostprocessing = 0;
		};
		2B3501D6233E48B60003908B /* Sources */ = {
			isa = PBXSourcesBuildPhase;
			buildActionMask = 2147483647;
			files = (
				2BA3F97B23407D4E00C5BE9C /* ForecastServiceTests.swift in Sources */,
				2B87FDCC2340E5A200D396BE /* Foundation.Decodable.swift in Sources */,
				2B87FDEF2340F2EC00D396BE /* CityViewModelTests.swift in Sources */,
				2B87FDEB2340E8B700D396BE /* ForecastRequestTest.swift in Sources */,
				2B87FDF92340FD5600D396BE /* CityViewControllerDelegateMock.swift in Sources */,
				2BA3F9752340786100C5BE9C /* APIClientMock.swift in Sources */,
				2BA3F9832340C57A00C5BE9C /* Forecast+Fixture.swift in Sources */,
				2B87FDF12340F35C00D396BE /* ForecastServiceMock.swift in Sources */,
				2B87FDF52340F85A00D396BE /* IconProviderMock.swift in Sources */,
				2B87FDF32340F7B200D396BE /* CityViewControllerTests.swift in Sources */,
				2BA3F9852340C61600C5BE9C /* APIResponse+Fixture.swift in Sources */,
				2B87FDF72340FBD200D396BE /* UIKit.UIImage.swift in Sources */,
			);
			runOnlyForDeploymentPostprocessing = 0;
		};
		2B3501E1233E48B60003908B /* Sources */ = {
			isa = PBXSourcesBuildPhase;
			buildActionMask = 2147483647;
			files = (
				2B89485723410E3F0067833C /* APIResponse+Fixture.swift in Sources */,
				2B89485223410D270067833C /* ForecastServiceMock.swift in Sources */,
				2B3501EA233E48B60003908B /* CityViewControllerSnapshotTest.swift in Sources */,
				2B89485623410D6E0067833C /* Forecast+Fixture.swift in Sources */,
				2B89485323410D2D0067833C /* IconProviderMock.swift in Sources */,
			);
			runOnlyForDeploymentPostprocessing = 0;
		};
/* End PBXSourcesBuildPhase section */

/* Begin PBXTargetDependency section */
		2B3501E7233E48B60003908B /* PBXTargetDependency */ = {
			isa = PBXTargetDependency;
			target = 2B3501C5233E48B40003908B /* Veeather */;
			targetProxy = 2B3501E6233E48B60003908B /* PBXContainerItemProxy */;
		};
		2BA3F97F23407F9000C5BE9C /* PBXTargetDependency */ = {
			isa = PBXTargetDependency;
			target = 2B3501C5233E48B40003908B /* Veeather */;
			targetProxy = 2BA3F97E23407F9000C5BE9C /* PBXContainerItemProxy */;
		};
/* End PBXTargetDependency section */

/* Begin PBXVariantGroup section */
		2B35027B233E4C8D0003908B /* LaunchScreen.storyboard */ = {
			isa = PBXVariantGroup;
			children = (
				2B35027C233E4C8D0003908B /* Base */,
			);
			name = LaunchScreen.storyboard;
			sourceTree = "<group>";
		};
/* End PBXVariantGroup section */

/* Begin XCBuildConfiguration section */
		2B3501EC233E48B60003908B /* Debug */ = {
			isa = XCBuildConfiguration;
			baseConfigurationReference = 2BED9408233E583F00684352 /* Development.xcconfig */;
			buildSettings = {
			};
			name = Debug;
		};
		2B3501ED233E48B60003908B /* Release */ = {
			isa = XCBuildConfiguration;
			baseConfigurationReference = 2BED9407233E583F00684352 /* Release.xcconfig */;
			buildSettings = {
			};
			name = Release;
		};
		2B3501EF233E48B60003908B /* Debug */ = {
			isa = XCBuildConfiguration;
			baseConfigurationReference = 2BED940C233E58CD00684352 /* Veeather.xcconfig */;
			buildSettings = {
			};
			name = Debug;
		};
		2B3501F0233E48B60003908B /* Release */ = {
			isa = XCBuildConfiguration;
			baseConfigurationReference = 2BED940C233E58CD00684352 /* Veeather.xcconfig */;
			buildSettings = {
			};
			name = Release;
		};
		2B3501F2233E48B60003908B /* Debug */ = {
			isa = XCBuildConfiguration;
			baseConfigurationReference = 2BED940A233E583F00684352 /* Tests.xcconfig */;
			buildSettings = {
			};
			name = Debug;
		};
		2B3501F3233E48B60003908B /* Release */ = {
			isa = XCBuildConfiguration;
			baseConfigurationReference = 2BED940A233E583F00684352 /* Tests.xcconfig */;
			buildSettings = {
			};
			name = Release;
		};
		2B3501F5233E48B60003908B /* Debug */ = {
			isa = XCBuildConfiguration;
			baseConfigurationReference = 2BA3F9802340808C00C5BE9C /* UITests.xcconfig */;
			buildSettings = {
			};
			name = Debug;
		};
		2B3501F6233E48B60003908B /* Release */ = {
			isa = XCBuildConfiguration;
			baseConfigurationReference = 2BA3F9802340808C00C5BE9C /* UITests.xcconfig */;
			buildSettings = {
			};
			name = Release;
		};
/* End XCBuildConfiguration section */

/* Begin XCConfigurationList section */
		2B3501C1233E48B30003908B /* Build configuration list for PBXProject "Veeather" */ = {
			isa = XCConfigurationList;
			buildConfigurations = (
				2B3501EC233E48B60003908B /* Debug */,
				2B3501ED233E48B60003908B /* Release */,
			);
			defaultConfigurationIsVisible = 0;
			defaultConfigurationName = Release;
		};
		2B3501EE233E48B60003908B /* Build configuration list for PBXNativeTarget "Veeather" */ = {
			isa = XCConfigurationList;
			buildConfigurations = (
				2B3501EF233E48B60003908B /* Debug */,
				2B3501F0233E48B60003908B /* Release */,
			);
			defaultConfigurationIsVisible = 0;
			defaultConfigurationName = Release;
		};
		2B3501F1233E48B60003908B /* Build configuration list for PBXNativeTarget "VeeatherTests" */ = {
			isa = XCConfigurationList;
			buildConfigurations = (
				2B3501F2233E48B60003908B /* Debug */,
				2B3501F3233E48B60003908B /* Release */,
			);
			defaultConfigurationIsVisible = 0;
			defaultConfigurationName = Release;
		};
		2B3501F4233E48B60003908B /* Build configuration list for PBXNativeTarget "VeeatherUITests" */ = {
			isa = XCConfigurationList;
			buildConfigurations = (
				2B3501F5233E48B60003908B /* Debug */,
				2B3501F6233E48B60003908B /* Release */,
			);
			defaultConfigurationIsVisible = 0;
			defaultConfigurationName = Release;
		};
/* End XCConfigurationList section */
	};
	rootObject = 2B3501BE233E48B30003908B /* Project object */;
}
